// !$*UTF8*$!
{
	archiveVersion = 1;
	classes = {
	};
	objectVersion = 48;
	objects = {

/* Begin PBXBuildFile section */
		B90C1C481F965B940094A60A /* Command.swift in Sources */ = {isa = PBXBuildFile; fileRef = B90C1C471F965B940094A60A /* Command.swift */; };
		B90C1C4A1F965BBF0094A60A /* CommandKey.swift in Sources */ = {isa = PBXBuildFile; fileRef = B90C1C491F965BBF0094A60A /* CommandKey.swift */; };
		B90C1C4C1F967A3A0094A60A /* AdvertisementType.swift in Sources */ = {isa = PBXBuildFile; fileRef = B90C1C4B1F967A3A0094A60A /* AdvertisementType.swift */; };
		B90C1C501F968B990094A60A /* ImageZoomViewController.swift in Sources */ = {isa = PBXBuildFile; fileRef = B90C1C4F1F968B990094A60A /* ImageZoomViewController.swift */; };
		B90C1C521F968BC70094A60A /* Zoom.storyboard in Resources */ = {isa = PBXBuildFile; fileRef = B90C1C511F968BC70094A60A /* Zoom.storyboard */; };
		B90C1C541F968E510094A60A /* UserCollectionViewCellSelectionCommand.swift in Sources */ = {isa = PBXBuildFile; fileRef = B90C1C531F968E510094A60A /* UserCollectionViewCellSelectionCommand.swift */; };
		B91296911F95625A00ACCA68 /* UsersCollectionViewCellViewModelFactory.swift in Sources */ = {isa = PBXBuildFile; fileRef = B91296901F95625A00ACCA68 /* UsersCollectionViewCellViewModelFactory.swift */; };
		B91296931F95639000ACCA68 /* UserSnapshotCollectionViewCellConfigurationCommand.swift in Sources */ = {isa = PBXBuildFile; fileRef = B91296921F95639000ACCA68 /* UserSnapshotCollectionViewCellConfigurationCommand.swift */; };
		B91296961F95645B00ACCA68 /* ImageNetworkManagerProtocol.swift in Sources */ = {isa = PBXBuildFile; fileRef = B91296951F95645B00ACCA68 /* ImageNetworkManagerProtocol.swift */; };
		B91296981F95647E00ACCA68 /* ImageNetworkManager.swift in Sources */ = {isa = PBXBuildFile; fileRef = B91296971F95647E00ACCA68 /* ImageNetworkManager.swift */; };
		B912969A1F9564B500ACCA68 /* URLSessionTaskProtocol.swift in Sources */ = {isa = PBXBuildFile; fileRef = B91296991F9564B500ACCA68 /* URLSessionTaskProtocol.swift */; };
		B912969C1F9564DB00ACCA68 /* Cancellable.swift in Sources */ = {isa = PBXBuildFile; fileRef = B912969B1F9564DB00ACCA68 /* Cancellable.swift */; };
		B912969E1F95668300ACCA68 /* UserCollectionViewCellConfigurationCommand.swift in Sources */ = {isa = PBXBuildFile; fileRef = B912969D1F95668300ACCA68 /* UserCollectionViewCellConfigurationCommand.swift */; };
		B91296A01F9566FC00ACCA68 /* AdvertisementCollectionViewCellConfigurationCommand.swift in Sources */ = {isa = PBXBuildFile; fileRef = B912969F1F9566FC00ACCA68 /* AdvertisementCollectionViewCellConfigurationCommand.swift */; };
		B91296A21F95674F00ACCA68 /* Advertisement.swift in Sources */ = {isa = PBXBuildFile; fileRef = B91296A11F95674F00ACCA68 /* Advertisement.swift */; };
		B91652CB1F9656F400FDB587 /* CircularUserCollectionViewCellViewModelFactory.swift in Sources */ = {isa = PBXBuildFile; fileRef = B91652CA1F9656F400FDB587 /* CircularUserCollectionViewCellViewModelFactory.swift */; };
		B91652CD1F96572600FDB587 /* UserSnapshotCollectionViewCellViewModelFactory.swift in Sources */ = {isa = PBXBuildFile; fileRef = B91652CC1F96572600FDB587 /* UserSnapshotCollectionViewCellViewModelFactory.swift */; };
		B91652CF1F96575000FDB587 /* AdvertisementCollectionViewCellViewModelFactory.swift in Sources */ = {isa = PBXBuildFile; fileRef = B91652CE1F96575000FDB587 /* AdvertisementCollectionViewCellViewModelFactory.swift */; };
		B91652D21F9658F500FDB587 /* AdvertisementCollectionViewCellSelectionCommand.swift in Sources */ = {isa = PBXBuildFile; fileRef = B91652D11F9658F500FDB587 /* AdvertisementCollectionViewCellSelectionCommand.swift */; };
		B92ACF152056C90E00BB675E /* JSONDecoderExtension.swift in Sources */ = {isa = PBXBuildFile; fileRef = B92ACF142056C90E00BB675E /* JSONDecoderExtension.swift */; };
		B92ACF172056CA0A00BB675E /* AnyUserListItemFactory.swift in Sources */ = {isa = PBXBuildFile; fileRef = B92ACF162056CA0A00BB675E /* AnyUserListItemFactory.swift */; };
		B956F40F2052EBB100ADB5D0 /* CommandArgumentKey.swift in Sources */ = {isa = PBXBuildFile; fileRef = B956F40E2052EBB100ADB5D0 /* CommandArgumentKey.swift */; };
		B956F4112052EE4500ADB5D0 /* CollectionViewCellViewModelProtocol.swift in Sources */ = {isa = PBXBuildFile; fileRef = B956F4102052EE4500ADB5D0 /* CollectionViewCellViewModelProtocol.swift */; };
		B956F4132052EF2000ADB5D0 /* CollectionViewCellViewModelAbstractFactory.swift in Sources */ = {isa = PBXBuildFile; fileRef = B956F4122052EF2000ADB5D0 /* CollectionViewCellViewModelAbstractFactory.swift */; };
		B956F4152052EF3800ADB5D0 /* CollectionViewCellViewModelExpander.swift in Sources */ = {isa = PBXBuildFile; fileRef = B956F4142052EF3800ADB5D0 /* CollectionViewCellViewModelExpander.swift */; };
		B956F4172052F6E700ADB5D0 /* AnyUserListItem.swift in Sources */ = {isa = PBXBuildFile; fileRef = B956F4162052F6E700ADB5D0 /* AnyUserListItem.swift */; };
		B956F41920530B6800ADB5D0 /* UserListItemType.swift in Sources */ = {isa = PBXBuildFile; fileRef = B956F41820530B6800ADB5D0 /* UserListItemType.swift */; };
		B956F41B205312B200ADB5D0 /* user_list_items.json in Resources */ = {isa = PBXBuildFile; fileRef = B956F41A205312B200ADB5D0 /* user_list_items.json */; };
		B9860D4C1F96A51600C50F60 /* UserCollectionViewCell.swift in Sources */ = {isa = PBXBuildFile; fileRef = B9860D4B1F96A51600C50F60 /* UserCollectionViewCell.swift */; };
		B9860D821F97E15600C50F60 /* CollectionViewCellMacroCommand.swift in Sources */ = {isa = PBXBuildFile; fileRef = B9860D811F97E15600C50F60 /* CollectionViewCellMacroCommand.swift */; };
		B987B8B91F95300A00FE0DAA /* UserSnapshotCollectionViewCell.swift in Sources */ = {isa = PBXBuildFile; fileRef = B987B8B81F95300A00FE0DAA /* UserSnapshotCollectionViewCell.swift */; };
		B987B8BB1F95328F00FE0DAA /* CircularUserCollectionViewCell.swift in Sources */ = {isa = PBXBuildFile; fileRef = B987B8BA1F95328F00FE0DAA /* CircularUserCollectionViewCell.swift */; };
		B987B8BD1F9533FA00FE0DAA /* AdvertisementCollectionViewCell.swift in Sources */ = {isa = PBXBuildFile; fileRef = B987B8BC1F9533FA00FE0DAA /* AdvertisementCollectionViewCell.swift */; };
		B9A165451F95042400B7D8EF /* AppDelegate.swift in Sources */ = {isa = PBXBuildFile; fileRef = B9A165441F95042400B7D8EF /* AppDelegate.swift */; };
		B9A1654A1F95042400B7D8EF /* Main.storyboard in Resources */ = {isa = PBXBuildFile; fileRef = B9A165481F95042400B7D8EF /* Main.storyboard */; };
		B9A1654C1F95042400B7D8EF /* Assets.xcassets in Resources */ = {isa = PBXBuildFile; fileRef = B9A1654B1F95042400B7D8EF /* Assets.xcassets */; };
		B9A1654F1F95042400B7D8EF /* LaunchScreen.storyboard in Resources */ = {isa = PBXBuildFile; fileRef = B9A1654D1F95042400B7D8EF /* LaunchScreen.storyboard */; };
		B9A1655A1F95042400B7D8EF /* HeterogenousTests.swift in Sources */ = {isa = PBXBuildFile; fileRef = B9A165591F95042400B7D8EF /* HeterogenousTests.swift */; };
		B9A165651F95048C00B7D8EF /* CollectionViewCellViewModel.swift in Sources */ = {isa = PBXBuildFile; fileRef = B9A165641F95048C00B7D8EF /* CollectionViewCellViewModel.swift */; };
		B9A165671F95067500B7D8EF /* User.swift in Sources */ = {isa = PBXBuildFile; fileRef = B9A165661F95067500B7D8EF /* User.swift */; };
		B9A165691F95068C00B7D8EF /* UserType.swift in Sources */ = {isa = PBXBuildFile; fileRef = B9A165681F95068C00B7D8EF /* UserType.swift */; };
		B9A1656B1F950B1500B7D8EF /* UsersViewController.swift in Sources */ = {isa = PBXBuildFile; fileRef = B9A1656A1F950B1500B7D8EF /* UsersViewController.swift */; };
/* End PBXBuildFile section */

/* Begin PBXContainerItemProxy section */
		B9A165561F95042400B7D8EF /* PBXContainerItemProxy */ = {
			isa = PBXContainerItemProxy;
			containerPortal = B9A165391F95042400B7D8EF /* Project object */;
			proxyType = 1;
			remoteGlobalIDString = B9A165401F95042400B7D8EF;
			remoteInfo = Heterogenous;
		};
/* End PBXContainerItemProxy section */

/* Begin PBXFileReference section */
		B90C1C471F965B940094A60A /* Command.swift */ = {isa = PBXFileReference; lastKnownFileType = sourcecode.swift; path = Command.swift; sourceTree = "<group>"; };
		B90C1C491F965BBF0094A60A /* CommandKey.swift */ = {isa = PBXFileReference; lastKnownFileType = sourcecode.swift; path = CommandKey.swift; sourceTree = "<group>"; };
		B90C1C4B1F967A3A0094A60A /* AdvertisementType.swift */ = {isa = PBXFileReference; lastKnownFileType = sourcecode.swift; path = AdvertisementType.swift; sourceTree = "<group>"; };
		B90C1C4F1F968B990094A60A /* ImageZoomViewController.swift */ = {isa = PBXFileReference; lastKnownFileType = sourcecode.swift; path = ImageZoomViewController.swift; sourceTree = "<group>"; };
		B90C1C511F968BC70094A60A /* Zoom.storyboard */ = {isa = PBXFileReference; lastKnownFileType = file.storyboard; path = Zoom.storyboard; sourceTree = "<group>"; };
		B90C1C531F968E510094A60A /* UserCollectionViewCellSelectionCommand.swift */ = {isa = PBXFileReference; lastKnownFileType = sourcecode.swift; path = UserCollectionViewCellSelectionCommand.swift; sourceTree = "<group>"; };
		B91296901F95625A00ACCA68 /* UsersCollectionViewCellViewModelFactory.swift */ = {isa = PBXFileReference; lastKnownFileType = sourcecode.swift; path = UsersCollectionViewCellViewModelFactory.swift; sourceTree = "<group>"; };
		B91296921F95639000ACCA68 /* UserSnapshotCollectionViewCellConfigurationCommand.swift */ = {isa = PBXFileReference; lastKnownFileType = sourcecode.swift; path = UserSnapshotCollectionViewCellConfigurationCommand.swift; sourceTree = "<group>"; };
		B91296951F95645B00ACCA68 /* ImageNetworkManagerProtocol.swift */ = {isa = PBXFileReference; lastKnownFileType = sourcecode.swift; path = ImageNetworkManagerProtocol.swift; sourceTree = "<group>"; };
		B91296971F95647E00ACCA68 /* ImageNetworkManager.swift */ = {isa = PBXFileReference; lastKnownFileType = sourcecode.swift; path = ImageNetworkManager.swift; sourceTree = "<group>"; };
		B91296991F9564B500ACCA68 /* URLSessionTaskProtocol.swift */ = {isa = PBXFileReference; lastKnownFileType = sourcecode.swift; path = URLSessionTaskProtocol.swift; sourceTree = "<group>"; };
		B912969B1F9564DB00ACCA68 /* Cancellable.swift */ = {isa = PBXFileReference; lastKnownFileType = sourcecode.swift; path = Cancellable.swift; sourceTree = "<group>"; };
		B912969D1F95668300ACCA68 /* UserCollectionViewCellConfigurationCommand.swift */ = {isa = PBXFileReference; lastKnownFileType = sourcecode.swift; path = UserCollectionViewCellConfigurationCommand.swift; sourceTree = "<group>"; };
		B912969F1F9566FC00ACCA68 /* AdvertisementCollectionViewCellConfigurationCommand.swift */ = {isa = PBXFileReference; lastKnownFileType = sourcecode.swift; path = AdvertisementCollectionViewCellConfigurationCommand.swift; sourceTree = "<group>"; };
		B91296A11F95674F00ACCA68 /* Advertisement.swift */ = {isa = PBXFileReference; lastKnownFileType = sourcecode.swift; path = Advertisement.swift; sourceTree = "<group>"; };
		B91652CA1F9656F400FDB587 /* CircularUserCollectionViewCellViewModelFactory.swift */ = {isa = PBXFileReference; lastKnownFileType = sourcecode.swift; path = CircularUserCollectionViewCellViewModelFactory.swift; sourceTree = "<group>"; };
		B91652CC1F96572600FDB587 /* UserSnapshotCollectionViewCellViewModelFactory.swift */ = {isa = PBXFileReference; lastKnownFileType = sourcecode.swift; path = UserSnapshotCollectionViewCellViewModelFactory.swift; sourceTree = "<group>"; };
		B91652CE1F96575000FDB587 /* AdvertisementCollectionViewCellViewModelFactory.swift */ = {isa = PBXFileReference; lastKnownFileType = sourcecode.swift; path = AdvertisementCollectionViewCellViewModelFactory.swift; sourceTree = "<group>"; };
		B91652D11F9658F500FDB587 /* AdvertisementCollectionViewCellSelectionCommand.swift */ = {isa = PBXFileReference; lastKnownFileType = sourcecode.swift; path = AdvertisementCollectionViewCellSelectionCommand.swift; sourceTree = "<group>"; };
		B92ACF142056C90E00BB675E /* JSONDecoderExtension.swift */ = {isa = PBXFileReference; lastKnownFileType = sourcecode.swift; path = JSONDecoderExtension.swift; sourceTree = "<group>"; };
		B92ACF162056CA0A00BB675E /* AnyUserListItemFactory.swift */ = {isa = PBXFileReference; lastKnownFileType = sourcecode.swift; path = AnyUserListItemFactory.swift; sourceTree = "<group>"; };
		B956F40E2052EBB100ADB5D0 /* CommandArgumentKey.swift */ = {isa = PBXFileReference; lastKnownFileType = sourcecode.swift; path = CommandArgumentKey.swift; sourceTree = "<group>"; };
		B956F4102052EE4500ADB5D0 /* CollectionViewCellViewModelProtocol.swift */ = {isa = PBXFileReference; lastKnownFileType = sourcecode.swift; path = CollectionViewCellViewModelProtocol.swift; sourceTree = "<group>"; };
		B956F4122052EF2000ADB5D0 /* CollectionViewCellViewModelAbstractFactory.swift */ = {isa = PBXFileReference; lastKnownFileType = sourcecode.swift; path = CollectionViewCellViewModelAbstractFactory.swift; sourceTree = "<group>"; };
		B956F4142052EF3800ADB5D0 /* CollectionViewCellViewModelExpander.swift */ = {isa = PBXFileReference; lastKnownFileType = sourcecode.swift; path = CollectionViewCellViewModelExpander.swift; sourceTree = "<group>"; };
		B956F4162052F6E700ADB5D0 /* AnyUserListItem.swift */ = {isa = PBXFileReference; lastKnownFileType = sourcecode.swift; path = AnyUserListItem.swift; sourceTree = "<group>"; };
		B956F41820530B6800ADB5D0 /* UserListItemType.swift */ = {isa = PBXFileReference; lastKnownFileType = sourcecode.swift; path = UserListItemType.swift; sourceTree = "<group>"; };
		B956F41A205312B200ADB5D0 /* user_list_items.json */ = {isa = PBXFileReference; lastKnownFileType = text.json; path = user_list_items.json; sourceTree = "<group>"; };
		B9860D4B1F96A51600C50F60 /* UserCollectionViewCell.swift */ = {isa = PBXFileReference; lastKnownFileType = sourcecode.swift; path = UserCollectionViewCell.swift; sourceTree = "<group>"; };
		B9860D811F97E15600C50F60 /* CollectionViewCellMacroCommand.swift */ = {isa = PBXFileReference; lastKnownFileType = sourcecode.swift; path = CollectionViewCellMacroCommand.swift; sourceTree = "<group>"; };
		B987B8B81F95300A00FE0DAA /* UserSnapshotCollectionViewCell.swift */ = {isa = PBXFileReference; lastKnownFileType = sourcecode.swift; path = UserSnapshotCollectionViewCell.swift; sourceTree = "<group>"; };
		B987B8BA1F95328F00FE0DAA /* CircularUserCollectionViewCell.swift */ = {isa = PBXFileReference; lastKnownFileType = sourcecode.swift; path = CircularUserCollectionViewCell.swift; sourceTree = "<group>"; };
		B987B8BC1F9533FA00FE0DAA /* AdvertisementCollectionViewCell.swift */ = {isa = PBXFileReference; lastKnownFileType = sourcecode.swift; path = AdvertisementCollectionViewCell.swift; sourceTree = "<group>"; };
		B9A165411F95042400B7D8EF /* Heterogenous.app */ = {isa = PBXFileReference; explicitFileType = wrapper.application; includeInIndex = 0; path = Heterogenous.app; sourceTree = BUILT_PRODUCTS_DIR; };
		B9A165441F95042400B7D8EF /* AppDelegate.swift */ = {isa = PBXFileReference; lastKnownFileType = sourcecode.swift; path = AppDelegate.swift; sourceTree = "<group>"; };
		B9A165491F95042400B7D8EF /* Base */ = {isa = PBXFileReference; lastKnownFileType = file.storyboard; name = Base; path = Base.lproj/Main.storyboard; sourceTree = "<group>"; };
		B9A1654B1F95042400B7D8EF /* Assets.xcassets */ = {isa = PBXFileReference; lastKnownFileType = folder.assetcatalog; path = Assets.xcassets; sourceTree = "<group>"; };
		B9A1654E1F95042400B7D8EF /* Base */ = {isa = PBXFileReference; lastKnownFileType = file.storyboard; name = Base; path = Base.lproj/LaunchScreen.storyboard; sourceTree = "<group>"; };
		B9A165501F95042400B7D8EF /* Info.plist */ = {isa = PBXFileReference; lastKnownFileType = text.plist.xml; path = Info.plist; sourceTree = "<group>"; };
		B9A165551F95042400B7D8EF /* HeterogenousTests.xctest */ = {isa = PBXFileReference; explicitFileType = wrapper.cfbundle; includeInIndex = 0; path = HeterogenousTests.xctest; sourceTree = BUILT_PRODUCTS_DIR; };
		B9A165591F95042400B7D8EF /* HeterogenousTests.swift */ = {isa = PBXFileReference; lastKnownFileType = sourcecode.swift; path = HeterogenousTests.swift; sourceTree = "<group>"; };
		B9A1655B1F95042400B7D8EF /* Info.plist */ = {isa = PBXFileReference; lastKnownFileType = text.plist.xml; path = Info.plist; sourceTree = "<group>"; };
		B9A165641F95048C00B7D8EF /* CollectionViewCellViewModel.swift */ = {isa = PBXFileReference; lastKnownFileType = sourcecode.swift; path = CollectionViewCellViewModel.swift; sourceTree = "<group>"; };
		B9A165661F95067500B7D8EF /* User.swift */ = {isa = PBXFileReference; lastKnownFileType = sourcecode.swift; path = User.swift; sourceTree = "<group>"; };
		B9A165681F95068C00B7D8EF /* UserType.swift */ = {isa = PBXFileReference; lastKnownFileType = sourcecode.swift; path = UserType.swift; sourceTree = "<group>"; };
		B9A1656A1F950B1500B7D8EF /* UsersViewController.swift */ = {isa = PBXFileReference; lastKnownFileType = sourcecode.swift; path = UsersViewController.swift; sourceTree = "<group>"; };
/* End PBXFileReference section */

/* Begin PBXFrameworksBuildPhase section */
		B9A1653E1F95042400B7D8EF /* Frameworks */ = {
			isa = PBXFrameworksBuildPhase;
			buildActionMask = 2147483647;
			files = (
			);
			runOnlyForDeploymentPostprocessing = 0;
		};
		B9A165521F95042400B7D8EF /* Frameworks */ = {
			isa = PBXFrameworksBuildPhase;
			buildActionMask = 2147483647;
			files = (
			);
			runOnlyForDeploymentPostprocessing = 0;
		};
/* End PBXFrameworksBuildPhase section */

/* Begin PBXGroup section */
		B912968D1F953D9200ACCA68 /* Cells */ = {
			isa = PBXGroup;
			children = (
				B987B8BC1F9533FA00FE0DAA /* AdvertisementCollectionViewCell.swift */,
				B987B8BA1F95328F00FE0DAA /* CircularUserCollectionViewCell.swift */,
				B9860D4B1F96A51600C50F60 /* UserCollectionViewCell.swift */,
				B987B8B81F95300A00FE0DAA /* UserSnapshotCollectionViewCell.swift */,
			);
			path = Cells;
			sourceTree = "<group>";
		};
		B912968E1F953DA300ACCA68 /* Models */ = {
			isa = PBXGroup;
			children = (
				B91296A11F95674F00ACCA68 /* Advertisement.swift */,
				B90C1C4B1F967A3A0094A60A /* AdvertisementType.swift */,
				B956F4162052F6E700ADB5D0 /* AnyUserListItem.swift */,
				B9A165641F95048C00B7D8EF /* CollectionViewCellViewModel.swift */,
				B956F4102052EE4500ADB5D0 /* CollectionViewCellViewModelProtocol.swift */,
				B9A165661F95067500B7D8EF /* User.swift */,
				B956F41820530B6800ADB5D0 /* UserListItemType.swift */,
				B9A165681F95068C00B7D8EF /* UserType.swift */,
			);
			path = Models;
			sourceTree = "<group>";
		};
		B912968F1F953E0E00ACCA68 /* View Controllers */ = {
			isa = PBXGroup;
			children = (
				B9A1656A1F950B1500B7D8EF /* UsersViewController.swift */,
				B90C1C4F1F968B990094A60A /* ImageZoomViewController.swift */,
			);
			path = "View Controllers";
			sourceTree = "<group>";
		};
		B91296941F95644800ACCA68 /* Networking */ = {
			isa = PBXGroup;
			children = (
				B912969B1F9564DB00ACCA68 /* Cancellable.swift */,
				B91296971F95647E00ACCA68 /* ImageNetworkManager.swift */,
				B91296951F95645B00ACCA68 /* ImageNetworkManagerProtocol.swift */,
				B91296991F9564B500ACCA68 /* URLSessionTaskProtocol.swift */,
			);
			path = Networking;
			sourceTree = "<group>";
		};
		B91652D01F96576C00FDB587 /* Storyboards */ = {
			isa = PBXGroup;
			children = (
				B9A1654D1F95042400B7D8EF /* LaunchScreen.storyboard */,
				B9A165481F95042400B7D8EF /* Main.storyboard */,
				B90C1C511F968BC70094A60A /* Zoom.storyboard */,
			);
			path = Storyboards;
			sourceTree = "<group>";
		};
		B92ACF132056C90300BB675E /* Extensions */ = {
			isa = PBXGroup;
			children = (
				B92ACF142056C90E00BB675E /* JSONDecoderExtension.swift */,
			);
			path = Extensions;
			sourceTree = "<group>";
		};
		B92ACF182056CC1600BB675E /* Fixtures */ = {
			isa = PBXGroup;
			children = (
				B956F41A205312B200ADB5D0 /* user_list_items.json */,
			);
			path = Fixtures;
			sourceTree = "<group>";
		};
		B9860D7D1F97CD7100C50F60 /* Commands */ = {
			isa = PBXGroup;
			children = (
				B912969F1F9566FC00ACCA68 /* AdvertisementCollectionViewCellConfigurationCommand.swift */,
				B91652D11F9658F500FDB587 /* AdvertisementCollectionViewCellSelectionCommand.swift */,
				B9860D811F97E15600C50F60 /* CollectionViewCellMacroCommand.swift */,
				B90C1C471F965B940094A60A /* Command.swift */,
				B956F40E2052EBB100ADB5D0 /* CommandArgumentKey.swift */,
				B90C1C491F965BBF0094A60A /* CommandKey.swift */,
				B912969D1F95668300ACCA68 /* UserCollectionViewCellConfigurationCommand.swift */,
				B90C1C531F968E510094A60A /* UserCollectionViewCellSelectionCommand.swift */,
				B91296921F95639000ACCA68 /* UserSnapshotCollectionViewCellConfigurationCommand.swift */,
			);
			path = Commands;
			sourceTree = "<group>";
		};
		B9860D7E1F97CDBF00C50F60 /* Factories */ = {
			isa = PBXGroup;
			children = (
				B91652CE1F96575000FDB587 /* AdvertisementCollectionViewCellViewModelFactory.swift */,
				B91652CA1F9656F400FDB587 /* CircularUserCollectionViewCellViewModelFactory.swift */,
				B956F4122052EF2000ADB5D0 /* CollectionViewCellViewModelAbstractFactory.swift */,
				B956F4142052EF3800ADB5D0 /* CollectionViewCellViewModelExpander.swift */,
				B91296901F95625A00ACCA68 /* UsersCollectionViewCellViewModelFactory.swift */,
				B91652CC1F96572600FDB587 /* UserSnapshotCollectionViewCellViewModelFactory.swift */,
				B92ACF162056CA0A00BB675E /* AnyUserListItemFactory.swift */,
			);
			path = Factories;
			sourceTree = "<group>";
		};
		B9A165381F95042400B7D8EF = {
			isa = PBXGroup;
			children = (
				B9A165431F95042400B7D8EF /* Heterogenous */,
				B9A165581F95042400B7D8EF /* HeterogenousTests */,
				B9A165421F95042400B7D8EF /* Products */,
			);
			sourceTree = "<group>";
		};
		B9A165421F95042400B7D8EF /* Products */ = {
			isa = PBXGroup;
			children = (
				B9A165411F95042400B7D8EF /* Heterogenous.app */,
				B9A165551F95042400B7D8EF /* HeterogenousTests.xctest */,
			);
			name = Products;
			sourceTree = "<group>";
		};
		B9A165431F95042400B7D8EF /* Heterogenous */ = {
			isa = PBXGroup;
			children = (
				B9A165441F95042400B7D8EF /* AppDelegate.swift */,
				B9A1654B1F95042400B7D8EF /* Assets.xcassets */,
				B912968D1F953D9200ACCA68 /* Cells */,
				B9860D7D1F97CD7100C50F60 /* Commands */,
				B92ACF132056C90300BB675E /* Extensions */,
				B9860D7E1F97CDBF00C50F60 /* Factories */,
				B92ACF182056CC1600BB675E /* Fixtures */,
				B9A165501F95042400B7D8EF /* Info.plist */,
				B912968E1F953DA300ACCA68 /* Models */,
				B91296941F95644800ACCA68 /* Networking */,
				B91652D01F96576C00FDB587 /* Storyboards */,
				B912968F1F953E0E00ACCA68 /* View Controllers */,
			);
			path = Heterogenous;
			sourceTree = "<group>";
		};
		B9A165581F95042400B7D8EF /* HeterogenousTests */ = {
			isa = PBXGroup;
			children = (
				B9A165591F95042400B7D8EF /* HeterogenousTests.swift */,
				B9A1655B1F95042400B7D8EF /* Info.plist */,
			);
			path = HeterogenousTests;
			sourceTree = "<group>";
		};
/* End PBXGroup section */

/* Begin PBXNativeTarget section */
		B9A165401F95042400B7D8EF /* Heterogenous */ = {
			isa = PBXNativeTarget;
			buildConfigurationList = B9A1655E1F95042400B7D8EF /* Build configuration list for PBXNativeTarget "Heterogenous" */;
			buildPhases = (
				B9A1653D1F95042400B7D8EF /* Sources */,
				B9A1653E1F95042400B7D8EF /* Frameworks */,
				B9A1653F1F95042400B7D8EF /* Resources */,
			);
			buildRules = (
			);
			dependencies = (
			);
			name = Heterogenous;
			productName = Heterogenous;
			productReference = B9A165411F95042400B7D8EF /* Heterogenous.app */;
			productType = "com.apple.product-type.application";
		};
		B9A165541F95042400B7D8EF /* HeterogenousTests */ = {
			isa = PBXNativeTarget;
			buildConfigurationList = B9A165611F95042400B7D8EF /* Build configuration list for PBXNativeTarget "HeterogenousTests" */;
			buildPhases = (
				B9A165511F95042400B7D8EF /* Sources */,
				B9A165521F95042400B7D8EF /* Frameworks */,
				B9A165531F95042400B7D8EF /* Resources */,
			);
			buildRules = (
			);
			dependencies = (
				B9A165571F95042400B7D8EF /* PBXTargetDependency */,
			);
			name = HeterogenousTests;
			productName = HeterogenousTests;
			productReference = B9A165551F95042400B7D8EF /* HeterogenousTests.xctest */;
			productType = "com.apple.product-type.bundle.unit-test";
		};
/* End PBXNativeTarget section */

/* Begin PBXProject section */
		B9A165391F95042400B7D8EF /* Project object */ = {
			isa = PBXProject;
			attributes = {
				LastSwiftUpdateCheck = 0900;
				LastUpgradeCheck = 0900;
				ORGANIZATIONNAME = OkCupid;
				TargetAttributes = {
					B9A165401F95042400B7D8EF = {
						CreatedOnToolsVersion = 9.0;
						ProvisioningStyle = Automatic;
					};
					B9A165541F95042400B7D8EF = {
						CreatedOnToolsVersion = 9.0;
						ProvisioningStyle = Automatic;
						TestTargetID = B9A165401F95042400B7D8EF;
					};
				};
			};
			buildConfigurationList = B9A1653C1F95042400B7D8EF /* Build configuration list for PBXProject "Heterogenous" */;
			compatibilityVersion = "Xcode 8.0";
			developmentRegion = en;
			hasScannedForEncodings = 0;
			knownRegions = (
				en,
				Base,
			);
			mainGroup = B9A165381F95042400B7D8EF;
			productRefGroup = B9A165421F95042400B7D8EF /* Products */;
			projectDirPath = "";
			projectRoot = "";
			targets = (
				B9A165401F95042400B7D8EF /* Heterogenous */,
				B9A165541F95042400B7D8EF /* HeterogenousTests */,
			);
		};
/* End PBXProject section */

/* Begin PBXResourcesBuildPhase section */
		B9A1653F1F95042400B7D8EF /* Resources */ = {
			isa = PBXResourcesBuildPhase;
			buildActionMask = 2147483647;
			files = (
				B9A1654F1F95042400B7D8EF /* LaunchScreen.storyboard in Resources */,
				B90C1C521F968BC70094A60A /* Zoom.storyboard in Resources */,
				B9A1654C1F95042400B7D8EF /* Assets.xcassets in Resources */,
				B956F41B205312B200ADB5D0 /* user_list_items.json in Resources */,
				B9A1654A1F95042400B7D8EF /* Main.storyboard in Resources */,
			);
			runOnlyForDeploymentPostprocessing = 0;
		};
		B9A165531F95042400B7D8EF /* Resources */ = {
			isa = PBXResourcesBuildPhase;
			buildActionMask = 2147483647;
			files = (
			);
			runOnlyForDeploymentPostprocessing = 0;
		};
/* End PBXResourcesBuildPhase section */

/* Begin PBXSourcesBuildPhase section */
		B9A1653D1F95042400B7D8EF /* Sources */ = {
			isa = PBXSourcesBuildPhase;
			buildActionMask = 2147483647;
			files = (
				B912969C1F9564DB00ACCA68 /* Cancellable.swift in Sources */,
				B90C1C501F968B990094A60A /* ImageZoomViewController.swift in Sources */,
				B92ACF172056CA0A00BB675E /* AnyUserListItemFactory.swift in Sources */,
				B91652CD1F96572600FDB587 /* UserSnapshotCollectionViewCellViewModelFactory.swift in Sources */,
				B912969E1F95668300ACCA68 /* UserCollectionViewCellConfigurationCommand.swift in Sources */,
				B956F4132052EF2000ADB5D0 /* CollectionViewCellViewModelAbstractFactory.swift in Sources */,
				B91296A21F95674F00ACCA68 /* Advertisement.swift in Sources */,
				B956F40F2052EBB100ADB5D0 /* CommandArgumentKey.swift in Sources */,
				B91296931F95639000ACCA68 /* UserSnapshotCollectionViewCellConfigurationCommand.swift in Sources */,
				B9860D4C1F96A51600C50F60 /* UserCollectionViewCell.swift in Sources */,
				B9860D821F97E15600C50F60 /* CollectionViewCellMacroCommand.swift in Sources */,
				B90C1C4A1F965BBF0094A60A /* CommandKey.swift in Sources */,
				B91296911F95625A00ACCA68 /* UsersCollectionViewCellViewModelFactory.swift in Sources */,
				B956F4112052EE4500ADB5D0 /* CollectionViewCellViewModelProtocol.swift in Sources */,
				B90C1C481F965B940094A60A /* Command.swift in Sources */,
				B956F4152052EF3800ADB5D0 /* CollectionViewCellViewModelExpander.swift in Sources */,
				B956F41920530B6800ADB5D0 /* UserListItemType.swift in Sources */,
				B91652CF1F96575000FDB587 /* AdvertisementCollectionViewCellViewModelFactory.swift in Sources */,
				B90C1C541F968E510094A60A /* UserCollectionViewCellSelectionCommand.swift in Sources */,
				B956F4172052F6E700ADB5D0 /* AnyUserListItem.swift in Sources */,
				B987B8BD1F9533FA00FE0DAA /* AdvertisementCollectionViewCell.swift in Sources */,
				B91652D21F9658F500FDB587 /* AdvertisementCollectionViewCellSelectionCommand.swift in Sources */,
				B912969A1F9564B500ACCA68 /* URLSessionTaskProtocol.swift in Sources */,
				B9A165671F95067500B7D8EF /* User.swift in Sources */,
				B9A165691F95068C00B7D8EF /* UserType.swift in Sources */,
				B987B8BB1F95328F00FE0DAA /* CircularUserCollectionViewCell.swift in Sources */,
				B9A165651F95048C00B7D8EF /* CollectionViewCellViewModel.swift in Sources */,
				B91296961F95645B00ACCA68 /* ImageNetworkManagerProtocol.swift in Sources */,
				B92ACF152056C90E00BB675E /* JSONDecoderExtension.swift in Sources */,
				B91652CB1F9656F400FDB587 /* CircularUserCollectionViewCellViewModelFactory.swift in Sources */,
				B91296981F95647E00ACCA68 /* ImageNetworkManager.swift in Sources */,
				B9A165451F95042400B7D8EF /* AppDelegate.swift in Sources */,
				B91296A01F9566FC00ACCA68 /* AdvertisementCollectionViewCellConfigurationCommand.swift in Sources */,
				B987B8B91F95300A00FE0DAA /* UserSnapshotCollectionViewCell.swift in Sources */,
				B9A1656B1F950B1500B7D8EF /* UsersViewController.swift in Sources */,
				B90C1C4C1F967A3A0094A60A /* AdvertisementType.swift in Sources */,
			);
			runOnlyForDeploymentPostprocessing = 0;
		};
		B9A165511F95042400B7D8EF /* Sources */ = {
			isa = PBXSourcesBuildPhase;
			buildActionMask = 2147483647;
			files = (
				B9A1655A1F95042400B7D8EF /* HeterogenousTests.swift in Sources */,
			);
			runOnlyForDeploymentPostprocessing = 0;
		};
/* End PBXSourcesBuildPhase section */

/* Begin PBXTargetDependency section */
		B9A165571F95042400B7D8EF /* PBXTargetDependency */ = {
			isa = PBXTargetDependency;
			target = B9A165401F95042400B7D8EF /* Heterogenous */;
			targetProxy = B9A165561F95042400B7D8EF /* PBXContainerItemProxy */;
		};
/* End PBXTargetDependency section */

/* Begin PBXVariantGroup section */
		B9A165481F95042400B7D8EF /* Main.storyboard */ = {
			isa = PBXVariantGroup;
			children = (
				B9A165491F95042400B7D8EF /* Base */,
			);
			name = Main.storyboard;
			sourceTree = "<group>";
		};
		B9A1654D1F95042400B7D8EF /* LaunchScreen.storyboard */ = {
			isa = PBXVariantGroup;
			children = (
				B9A1654E1F95042400B7D8EF /* Base */,
			);
			name = LaunchScreen.storyboard;
			sourceTree = "<group>";
		};
/* End PBXVariantGroup section */

/* Begin XCBuildConfiguration section */
		B9A1655C1F95042400B7D8EF /* Debug */ = {
			isa = XCBuildConfiguration;
			buildSettings = {
				ALWAYS_SEARCH_USER_PATHS = NO;
				CLANG_ANALYZER_NONNULL = YES;
				CLANG_ANALYZER_NUMBER_OBJECT_CONVERSION = YES_AGGRESSIVE;
				CLANG_CXX_LANGUAGE_STANDARD = "gnu++14";
				CLANG_CXX_LIBRARY = "libc++";
				CLANG_ENABLE_MODULES = YES;
				CLANG_ENABLE_OBJC_ARC = YES;
				CLANG_WARN_BLOCK_CAPTURE_AUTORELEASING = YES;
				CLANG_WARN_BOOL_CONVERSION = YES;
				CLANG_WARN_COMMA = YES;
				CLANG_WARN_CONSTANT_CONVERSION = YES;
				CLANG_WARN_DIRECT_OBJC_ISA_USAGE = YES_ERROR;
				CLANG_WARN_DOCUMENTATION_COMMENTS = YES;
				CLANG_WARN_EMPTY_BODY = YES;
				CLANG_WARN_ENUM_CONVERSION = YES;
				CLANG_WARN_INFINITE_RECURSION = YES;
				CLANG_WARN_INT_CONVERSION = YES;
				CLANG_WARN_NON_LITERAL_NULL_CONVERSION = YES;
				CLANG_WARN_OBJC_LITERAL_CONVERSION = YES;
				CLANG_WARN_OBJC_ROOT_CLASS = YES_ERROR;
				CLANG_WARN_RANGE_LOOP_ANALYSIS = YES;
				CLANG_WARN_STRICT_PROTOTYPES = YES;
				CLANG_WARN_SUSPICIOUS_MOVE = YES;
				CLANG_WARN_UNGUARDED_AVAILABILITY = YES_AGGRESSIVE;
				CLANG_WARN_UNREACHABLE_CODE = YES;
				CLANG_WARN__DUPLICATE_METHOD_MATCH = YES;
				CODE_SIGN_IDENTITY = "iPhone Developer";
				COPY_PHASE_STRIP = NO;
				DEBUG_INFORMATION_FORMAT = dwarf;
				ENABLE_STRICT_OBJC_MSGSEND = YES;
				ENABLE_TESTABILITY = YES;
				GCC_C_LANGUAGE_STANDARD = gnu11;
				GCC_DYNAMIC_NO_PIC = NO;
				GCC_NO_COMMON_BLOCKS = YES;
				GCC_OPTIMIZATION_LEVEL = 0;
				GCC_PREPROCESSOR_DEFINITIONS = (
					"DEBUG=1",
					"$(inherited)",
				);
				GCC_WARN_64_TO_32_BIT_CONVERSION = YES;
				GCC_WARN_ABOUT_RETURN_TYPE = YES_ERROR;
				GCC_WARN_UNDECLARED_SELECTOR = YES;
				GCC_WARN_UNINITIALIZED_AUTOS = YES_AGGRESSIVE;
				GCC_WARN_UNUSED_FUNCTION = YES;
				GCC_WARN_UNUSED_VARIABLE = YES;
				IPHONEOS_DEPLOYMENT_TARGET = 11.0;
				MTL_ENABLE_DEBUG_INFO = YES;
				ONLY_ACTIVE_ARCH = YES;
				SDKROOT = iphoneos;
				SWIFT_ACTIVE_COMPILATION_CONDITIONS = DEBUG;
				SWIFT_OPTIMIZATION_LEVEL = "-Onone";
			};
			name = Debug;
		};
		B9A1655D1F95042400B7D8EF /* Release */ = {
			isa = XCBuildConfiguration;
			buildSettings = {
				ALWAYS_SEARCH_USER_PATHS = NO;
				CLANG_ANALYZER_NONNULL = YES;
				CLANG_ANALYZER_NUMBER_OBJECT_CONVERSION = YES_AGGRESSIVE;
				CLANG_CXX_LANGUAGE_STANDARD = "gnu++14";
				CLANG_CXX_LIBRARY = "libc++";
				CLANG_ENABLE_MODULES = YES;
				CLANG_ENABLE_OBJC_ARC = YES;
				CLANG_WARN_BLOCK_CAPTURE_AUTORELEASING = YES;
				CLANG_WARN_BOOL_CONVERSION = YES;
				CLANG_WARN_COMMA = YES;
				CLANG_WARN_CONSTANT_CONVERSION = YES;
				CLANG_WARN_DIRECT_OBJC_ISA_USAGE = YES_ERROR;
				CLANG_WARN_DOCUMENTATION_COMMENTS = YES;
				CLANG_WARN_EMPTY_BODY = YES;
				CLANG_WARN_ENUM_CONVERSION = YES;
				CLANG_WARN_INFINITE_RECURSION = YES;
				CLANG_WARN_INT_CONVERSION = YES;
				CLANG_WARN_NON_LITERAL_NULL_CONVERSION = YES;
				CLANG_WARN_OBJC_LITERAL_CONVERSION = YES;
				CLANG_WARN_OBJC_ROOT_CLASS = YES_ERROR;
				CLANG_WARN_RANGE_LOOP_ANALYSIS = YES;
				CLANG_WARN_STRICT_PROTOTYPES = YES;
				CLANG_WARN_SUSPICIOUS_MOVE = YES;
				CLANG_WARN_UNGUARDED_AVAILABILITY = YES_AGGRESSIVE;
				CLANG_WARN_UNREACHABLE_CODE = YES;
				CLANG_WARN__DUPLICATE_METHOD_MATCH = YES;
				CODE_SIGN_IDENTITY = "iPhone Developer";
				COPY_PHASE_STRIP = NO;
				DEBUG_INFORMATION_FORMAT = "dwarf-with-dsym";
				ENABLE_NS_ASSERTIONS = NO;
				ENABLE_STRICT_OBJC_MSGSEND = YES;
				GCC_C_LANGUAGE_STANDARD = gnu11;
				GCC_NO_COMMON_BLOCKS = YES;
				GCC_WARN_64_TO_32_BIT_CONVERSION = YES;
				GCC_WARN_ABOUT_RETURN_TYPE = YES_ERROR;
				GCC_WARN_UNDECLARED_SELECTOR = YES;
				GCC_WARN_UNINITIALIZED_AUTOS = YES_AGGRESSIVE;
				GCC_WARN_UNUSED_FUNCTION = YES;
				GCC_WARN_UNUSED_VARIABLE = YES;
				IPHONEOS_DEPLOYMENT_TARGET = 11.0;
				MTL_ENABLE_DEBUG_INFO = NO;
				SDKROOT = iphoneos;
				SWIFT_OPTIMIZATION_LEVEL = "-Owholemodule";
				VALIDATE_PRODUCT = YES;
			};
			name = Release;
		};
		B9A1655F1F95042400B7D8EF /* Debug */ = {
			isa = XCBuildConfiguration;
			buildSettings = {
				ASSETCATALOG_COMPILER_APPICON_NAME = AppIcon;
				CODE_SIGN_STYLE = Automatic;
				DEVELOPMENT_TEAM = 886ZPWDXTP;
				INFOPLIST_FILE = Heterogenous/Info.plist;
				LD_RUNPATH_SEARCH_PATHS = "$(inherited) @executable_path/Frameworks";
				PRODUCT_BUNDLE_IDENTIFIER = com.okcupid.Heterogenous;
				PRODUCT_NAME = "$(TARGET_NAME)";
				SWIFT_VERSION = 4.0;
				TARGETED_DEVICE_FAMILY = "1,2";
			};
			name = Debug;
		};
		B9A165601F95042400B7D8EF /* Release */ = {
			isa = XCBuildConfiguration;
			buildSettings = {
				ASSETCATALOG_COMPILER_APPICON_NAME = AppIcon;
				CODE_SIGN_STYLE = Automatic;
				DEVELOPMENT_TEAM = 886ZPWDXTP;
				INFOPLIST_FILE = Heterogenous/Info.plist;
				LD_RUNPATH_SEARCH_PATHS = "$(inherited) @executable_path/Frameworks";
				PRODUCT_BUNDLE_IDENTIFIER = com.okcupid.Heterogenous;
				PRODUCT_NAME = "$(TARGET_NAME)";
				SWIFT_VERSION = 4.0;
				TARGETED_DEVICE_FAMILY = "1,2";
			};
			name = Release;
		};
		B9A165621F95042400B7D8EF /* Debug */ = {
			isa = XCBuildConfiguration;
			buildSettings = {
				ALWAYS_EMBED_SWIFT_STANDARD_LIBRARIES = YES;
				BUNDLE_LOADER = "$(TEST_HOST)";
				CODE_SIGN_STYLE = Automatic;
				DEVELOPMENT_TEAM = 886ZPWDXTP;
				INFOPLIST_FILE = HeterogenousTests/Info.plist;
				LD_RUNPATH_SEARCH_PATHS = "$(inherited) @executable_path/Frameworks @loader_path/Frameworks";
				PRODUCT_BUNDLE_IDENTIFIER = com.okcupid.HeterogenousTests;
				PRODUCT_NAME = "$(TARGET_NAME)";
				SWIFT_VERSION = 4.0;
				TARGETED_DEVICE_FAMILY = "1,2";
				TEST_HOST = "$(BUILT_PRODUCTS_DIR)/Heterogenous.app/Heterogenous";
			};
			name = Debug;
		};
		B9A165631F95042400B7D8EF /* Release */ = {
			isa = XCBuildConfiguration;
			buildSettings = {
				ALWAYS_EMBED_SWIFT_STANDARD_LIBRARIES = YES;
				BUNDLE_LOADER = "$(TEST_HOST)";
				CODE_SIGN_STYLE = Automatic;
				DEVELOPMENT_TEAM = 886ZPWDXTP;
				INFOPLIST_FILE = HeterogenousTests/Info.plist;
				LD_RUNPATH_SEARCH_PATHS = "$(inherited) @executable_path/Frameworks @loader_path/Frameworks";
				PRODUCT_BUNDLE_IDENTIFIER = com.okcupid.HeterogenousTests;
				PRODUCT_NAME = "$(TARGET_NAME)";
				SWIFT_VERSION = 4.0;
				TARGETED_DEVICE_FAMILY = "1,2";
				TEST_HOST = "$(BUILT_PRODUCTS_DIR)/Heterogenous.app/Heterogenous";
			};
			name = Release;
		};
/* End XCBuildConfiguration section */

/* Begin XCConfigurationList section */
		B9A1653C1F95042400B7D8EF /* Build configuration list for PBXProject "Heterogenous" */ = {
			isa = XCConfigurationList;
			buildConfigurations = (
				B9A1655C1F95042400B7D8EF /* Debug */,
				B9A1655D1F95042400B7D8EF /* Release */,
			);
			defaultConfigurationIsVisible = 0;
			defaultConfigurationName = Release;
		};
		B9A1655E1F95042400B7D8EF /* Build configuration list for PBXNativeTarget "Heterogenous" */ = {
			isa = XCConfigurationList;
			buildConfigurations = (
				B9A1655F1F95042400B7D8EF /* Debug */,
				B9A165601F95042400B7D8EF /* Release */,
			);
			defaultConfigurationIsVisible = 0;
			defaultConfigurationName = Release;
		};
		B9A165611F95042400B7D8EF /* Build configuration list for PBXNativeTarget "HeterogenousTests" */ = {
			isa = XCConfigurationList;
			buildConfigurations = (
				B9A165621F95042400B7D8EF /* Debug */,
				B9A165631F95042400B7D8EF /* Release */,
			);
			defaultConfigurationIsVisible = 0;
			defaultConfigurationName = Release;
		};
/* End XCConfigurationList section */
	};
	rootObject = B9A165391F95042400B7D8EF /* Project object */;
}
